
Microsoft Visual Studio Solution File, Format Version 12.00
# Visual Studio Version 17
VisualStudioVersion = 17.3.32825.248
MinimumVisualStudioVersion = 10.0.40219.1
Project("{FAE04EC0-301F-11D3-BF4B-00C04F79EFBC}") = "Sparky", "Sparky\Sparky.csproj", "{774BD52A-7D9A-42EF-B071-3D182B2E7E6E}"
EndProject
Project("{FAE04EC0-301F-11D3-BF4B-00C04F79EFBC}") = "SparkyMSTest", "SparkyMSTest\SparkyMSTest.csproj", "{079437B0-9281-49BF-92D6-ADEDAC8F1F26}"
EndProject
Project("{FAE04EC0-301F-11D3-BF4B-00C04F79EFBC}") = "SparkyNUnitTest", "SparkyNUnitTest\SparkyNUnitTest.csproj", "{A85FC8C3-6BF6-4489-B943-953B1D0AA2B8}"
EndProject
Global
	GlobalSection(SolutionConfigurationPlatforms) = preSolution
		Debug|Any CPU = Debug|Any CPU
		Release|Any CPU = Release|Any CPU
	EndGlobalSection
	GlobalSection(ProjectConfigurationPlatforms) = postSolution
		{774BD52A-7D9A-42EF-B071-3D182B2E7E6E}.Debug|Any CPU.ActiveCfg = Debug|Any CPU
		{774BD52A-7D9A-42EF-B071-3D182B2E7E6E}.Debug|Any CPU.Build.0 = Debug|Any CPU
		{774BD52A-7D9A-42EF-B071-3D182B2E7E6E}.Release|Any CPU.ActiveCfg = Release|Any CPU
		{774BD52A-7D9A-42EF-B071-3D182B2E7E6E}.Release|Any CPU.Build.0 = Release|Any CPU
		{079437B0-9281-49BF-92D6-ADEDAC8F1F26}.Debug|Any CPU.ActiveCfg = Debug|Any CPU
		{079437B0-9281-49BF-92D6-ADEDAC8F1F26}.Debug|Any CPU.Build.0 = Debug|Any CPU
		{079437B0-9281-49BF-92D6-ADEDAC8F1F26}.Release|Any CPU.ActiveCfg = Release|Any CPU
		{079437B0-9281-49BF-92D6-ADEDAC8F1F26}.Release|Any CPU.Build.0 = Release|Any CPU
		{A85FC8C3-6BF6-4489-B943-953B1D0AA2B8}.Debug|Any CPU.ActiveCfg = Debug|Any CPU
		{A85FC8C3-6BF6-4489-B943-953B1D0AA2B8}.Debug|Any CPU.Build.0 = Debug|Any CPU
		{A85FC8C3-6BF6-4489-B943-953B1D0AA2B8}.Release|Any CPU.ActiveCfg = Release|Any CPU
		{A85FC8C3-6BF6-4489-B943-953B1D0AA2B8}.Release|Any CPU.Build.0 = Release|Any CPU
	EndGlobalSection
	GlobalSection(SolutionProperties) = preSolution
		HideSolutionNode = FALSE
	EndGlobalSection
	GlobalSection(ExtensibilityGlobals) = postSolution
		SolutionGuid = {D1B2A6EE-7D41-42E9-9072-6393FD23B6D9}
	EndGlobalSection
EndGlobal
